// !$*UTF8*$!
{
	archiveVersion = 1;
	classes = {
	};
	objectVersion = 51;
	objects = {

/* Begin PBXBuildFile section */
		02A75BD4A609428413C1E372 /* libPods-WeatherGift.a in Frameworks */ = {isa = PBXBuildFile; fileRef = C1749EF60331D8E7761427CA /* libPods-WeatherGift.a */; };
		342C2D672416B8EC0049AEE8 /* AppDelegate.swift in Sources */ = {isa = PBXBuildFile; fileRef = 342C2D662416B8EC0049AEE8 /* AppDelegate.swift */; };
		342C2D692416B8EC0049AEE8 /* SceneDelegate.swift in Sources */ = {isa = PBXBuildFile; fileRef = 342C2D682416B8EC0049AEE8 /* SceneDelegate.swift */; };
		342C2D6B2416B8EC0049AEE8 /* LocationListViewController.swift in Sources */ = {isa = PBXBuildFile; fileRef = 342C2D6A2416B8EC0049AEE8 /* LocationListViewController.swift */; };
		342C2D6E2416B8EC0049AEE8 /* Main.storyboard in Resources */ = {isa = PBXBuildFile; fileRef = 342C2D6C2416B8EC0049AEE8 /* Main.storyboard */; };
		342C2D702416B8F10049AEE8 /* Assets.xcassets in Resources */ = {isa = PBXBuildFile; fileRef = 342C2D6F2416B8F10049AEE8 /* Assets.xcassets */; };
		342C2D732416B8F10049AEE8 /* LaunchScreen.storyboard in Resources */ = {isa = PBXBuildFile; fileRef = 342C2D712416B8F10049AEE8 /* LaunchScreen.storyboard */; };
		342C2D7B2416B9010049AEE8 /* File.swift in Sources */ = {isa = PBXBuildFile; fileRef = 342C2D7A2416B9010049AEE8 /* File.swift */; };
		345E3DE724251191004A9ED4 /* Notes.swift in Sources */ = {isa = PBXBuildFile; fileRef = 345E3DE624251191004A9ED4 /* Notes.swift */; };
		345E3DE924251663004A9ED4 /* PageViewController.swift in Sources */ = {isa = PBXBuildFile; fileRef = 345E3DE824251663004A9ED4 /* PageViewController.swift */; };
		345E3DEB24265DF8004A9ED4 /* WeatherDetail.swift in Sources */ = {isa = PBXBuildFile; fileRef = 345E3DEA24265DF8004A9ED4 /* WeatherDetail.swift */; };
		349623922449EC6A00C2BB7E /* UIViewController+alert.swift in Sources */ = {isa = PBXBuildFile; fileRef = 349623912449EC6A00C2BB7E /* UIViewController+alert.swift */; };
		349623942449FAFC00C2BB7E /* AboutViewController.swift in Sources */ = {isa = PBXBuildFile; fileRef = 349623932449FAFC00C2BB7E /* AboutViewController.swift */; };
		34B99AB5242411AA002AC158 /* APIKeys.swift in Sources */ = {isa = PBXBuildFile; fileRef = 34B99AB4242411AA002AC158 /* APIKeys.swift */; };
		34B99AB724241D35002AC158 /* LocationDetailViewController.swift in Sources */ = {isa = PBXBuildFile; fileRef = 34B99AB624241D34002AC158 /* LocationDetailViewController.swift */; };
		34D3D69D242FB6BF00D1BB44 /* DailyWeatherCell.swift in Sources */ = {isa = PBXBuildFile; fileRef = 34D3D69C242FB6BF00D1BB44 /* DailyWeatherCell.swift */; };
		34D3D69F242FFB4100D1BB44 /* HourlyCollectionViewCell.swift in Sources */ = {isa = PBXBuildFile; fileRef = 34D3D69E242FFB4100D1BB44 /* HourlyCollectionViewCell.swift */; };
/* End PBXBuildFile section */

/* Begin PBXFileReference section */
		1AD79DBA530D59B837E8F6BE /* Pods-WeatherGift.release.xcconfig */ = {isa = PBXFileReference; includeInIndex = 1; lastKnownFileType = text.xcconfig; name = "Pods-WeatherGift.release.xcconfig"; path = "Target Support Files/Pods-WeatherGift/Pods-WeatherGift.release.xcconfig"; sourceTree = "<group>"; };
		342C2D632416B8EC0049AEE8 /* WeatherGift.app */ = {isa = PBXFileReference; explicitFileType = wrapper.application; includeInIndex = 0; path = WeatherGift.app; sourceTree = BUILT_PRODUCTS_DIR; };
		342C2D662416B8EC0049AEE8 /* AppDelegate.swift */ = {isa = PBXFileReference; lastKnownFileType = sourcecode.swift; path = AppDelegate.swift; sourceTree = "<group>"; };
		342C2D682416B8EC0049AEE8 /* SceneDelegate.swift */ = {isa = PBXFileReference; lastKnownFileType = sourcecode.swift; path = SceneDelegate.swift; sourceTree = "<group>"; };
		342C2D6A2416B8EC0049AEE8 /* LocationListViewController.swift */ = {isa = PBXFileReference; lastKnownFileType = sourcecode.swift; path = LocationListViewController.swift; sourceTree = "<group>"; };
		342C2D6D2416B8EC0049AEE8 /* Base */ = {isa = PBXFileReference; lastKnownFileType = file.storyboard; name = Base; path = Base.lproj/Main.storyboard; sourceTree = "<group>"; };
		342C2D6F2416B8F10049AEE8 /* Assets.xcassets */ = {isa = PBXFileReference; lastKnownFileType = folder.assetcatalog; path = Assets.xcassets; sourceTree = "<group>"; };
		342C2D722416B8F10049AEE8 /* Base */ = {isa = PBXFileReference; lastKnownFileType = file.storyboard; name = Base; path = Base.lproj/LaunchScreen.storyboard; sourceTree = "<group>"; };
		342C2D742416B8F10049AEE8 /* Info.plist */ = {isa = PBXFileReference; lastKnownFileType = text.plist.xml; path = Info.plist; sourceTree = "<group>"; };
		342C2D7A2416B9010049AEE8 /* File.swift */ = {isa = PBXFileReference; lastKnownFileType = sourcecode.swift; path = File.swift; sourceTree = "<group>"; };
		345E3DE624251191004A9ED4 /* Notes.swift */ = {isa = PBXFileReference; lastKnownFileType = sourcecode.swift; path = Notes.swift; sourceTree = "<group>"; };
		345E3DE824251663004A9ED4 /* PageViewController.swift */ = {isa = PBXFileReference; lastKnownFileType = sourcecode.swift; path = PageViewController.swift; sourceTree = "<group>"; };
		345E3DEA24265DF8004A9ED4 /* WeatherDetail.swift */ = {isa = PBXFileReference; lastKnownFileType = sourcecode.swift; path = WeatherDetail.swift; sourceTree = "<group>"; };
		349623912449EC6A00C2BB7E /* UIViewController+alert.swift */ = {isa = PBXFileReference; fileEncoding = 4; lastKnownFileType = sourcecode.swift; path = "UIViewController+alert.swift"; sourceTree = "<group>"; };
		349623932449FAFC00C2BB7E /* AboutViewController.swift */ = {isa = PBXFileReference; lastKnownFileType = sourcecode.swift; path = AboutViewController.swift; sourceTree = "<group>"; };
		34B99AB4242411AA002AC158 /* APIKeys.swift */ = {isa = PBXFileReference; lastKnownFileType = sourcecode.swift; path = APIKeys.swift; sourceTree = "<group>"; };
		34B99AB624241D34002AC158 /* LocationDetailViewController.swift */ = {isa = PBXFileReference; lastKnownFileType = sourcecode.swift; path = LocationDetailViewController.swift; sourceTree = "<group>"; };
		34D3D69C242FB6BF00D1BB44 /* DailyWeatherCell.swift */ = {isa = PBXFileReference; lastKnownFileType = sourcecode.swift; path = DailyWeatherCell.swift; sourceTree = "<group>"; };
		34D3D69E242FFB4100D1BB44 /* HourlyCollectionViewCell.swift */ = {isa = PBXFileReference; lastKnownFileType = sourcecode.swift; path = HourlyCollectionViewCell.swift; sourceTree = "<group>"; };
		B40EA5C911C15F73FC69D03A /* Pods-WeatherGift.debug.xcconfig */ = {isa = PBXFileReference; includeInIndex = 1; lastKnownFileType = text.xcconfig; name = "Pods-WeatherGift.debug.xcconfig"; path = "Target Support Files/Pods-WeatherGift/Pods-WeatherGift.debug.xcconfig"; sourceTree = "<group>"; };
		C1749EF60331D8E7761427CA /* libPods-WeatherGift.a */ = {isa = PBXFileReference; explicitFileType = archive.ar; includeInIndex = 0; path = "libPods-WeatherGift.a"; sourceTree = BUILT_PRODUCTS_DIR; };
/* End PBXFileReference section */

/* Begin PBXFrameworksBuildPhase section */
		342C2D602416B8EC0049AEE8 /* Frameworks */ = {
			isa = PBXFrameworksBuildPhase;
			buildActionMask = 2147483647;
			files = (
				02A75BD4A609428413C1E372 /* libPods-WeatherGift.a in Frameworks */,
			);
			runOnlyForDeploymentPostprocessing = 0;
		};
/* End PBXFrameworksBuildPhase section */

/* Begin PBXGroup section */
		342C2D5A2416B8EC0049AEE8 = {
			isa = PBXGroup;
			children = (
				342C2D652416B8EC0049AEE8 /* WeatherGift */,
				342C2D642416B8EC0049AEE8 /* Products */,
				475F8956F217B29947178D00 /* Pods */,
				ECCE0B0FA3F35F37E4E204FC /* Frameworks */,
			);
			sourceTree = "<group>";
		};
		342C2D642416B8EC0049AEE8 /* Products */ = {
			isa = PBXGroup;
			children = (
				342C2D632416B8EC0049AEE8 /* WeatherGift.app */,
			);
			name = Products;
			sourceTree = "<group>";
		};
		342C2D652416B8EC0049AEE8 /* WeatherGift */ = {
			isa = PBXGroup;
			children = (
				342C2D7A2416B9010049AEE8 /* File.swift */,
				345E3DEA24265DF8004A9ED4 /* WeatherDetail.swift */,
				345E3DE824251663004A9ED4 /* PageViewController.swift */,
				342C2D662416B8EC0049AEE8 /* AppDelegate.swift */,
				342C2D682416B8EC0049AEE8 /* SceneDelegate.swift */,
				349623912449EC6A00C2BB7E /* UIViewController+alert.swift */,
				342C2D6A2416B8EC0049AEE8 /* LocationListViewController.swift */,
				34B99AB624241D34002AC158 /* LocationDetailViewController.swift */,
				349623932449FAFC00C2BB7E /* AboutViewController.swift */,
				34D3D69C242FB6BF00D1BB44 /* DailyWeatherCell.swift */,
				34D3D69E242FFB4100D1BB44 /* HourlyCollectionViewCell.swift */,
				342C2D6C2416B8EC0049AEE8 /* Main.storyboard */,
				342C2D6F2416B8F10049AEE8 /* Assets.xcassets */,
				342C2D712416B8F10049AEE8 /* LaunchScreen.storyboard */,
				342C2D742416B8F10049AEE8 /* Info.plist */,
				34B99AB4242411AA002AC158 /* APIKeys.swift */,
				345E3DE624251191004A9ED4 /* Notes.swift */,
			);
			path = WeatherGift;
			sourceTree = "<group>";
		};
		475F8956F217B29947178D00 /* Pods */ = {
			isa = PBXGroup;
			children = (
				B40EA5C911C15F73FC69D03A /* Pods-WeatherGift.debug.xcconfig */,
				1AD79DBA530D59B837E8F6BE /* Pods-WeatherGift.release.xcconfig */,
			);
			path = Pods;
			sourceTree = "<group>";
		};
		ECCE0B0FA3F35F37E4E204FC /* Frameworks */ = {
			isa = PBXGroup;
			children = (
				C1749EF60331D8E7761427CA /* libPods-WeatherGift.a */,
			);
			name = Frameworks;
			sourceTree = "<group>";
		};
/* End PBXGroup section */

/* Begin PBXNativeTarget section */
		342C2D622416B8EC0049AEE8 /* WeatherGift */ = {
			isa = PBXNativeTarget;
			buildConfigurationList = 342C2D772416B8F10049AEE8 /* Build configuration list for PBXNativeTarget "WeatherGift" */;
			buildPhases = (
				7DACCB8AF75A78D4EC7BC5BE /* [CP] Check Pods Manifest.lock */,
				342C2D5F2416B8EC0049AEE8 /* Sources */,
				342C2D602416B8EC0049AEE8 /* Frameworks */,
				342C2D612416B8EC0049AEE8 /* Resources */,
				FE7845C51DA09972F8E34CCF /* [CP] Copy Pods Resources */,
			);
			buildRules = (
			);
			dependencies = (
			);
			name = WeatherGift;
			productName = WeatherGift;
			productReference = 342C2D632416B8EC0049AEE8 /* WeatherGift.app */;
			productType = "com.apple.product-type.application";
		};
/* End PBXNativeTarget section */

/* Begin PBXProject section */
		342C2D5B2416B8EC0049AEE8 /* Project object */ = {
			isa = PBXProject;
			attributes = {
				LastSwiftUpdateCheck = 1130;
				LastUpgradeCheck = 1130;
				ORGANIZATIONNAME = "Cooper Schmitz";
				TargetAttributes = {
					342C2D622416B8EC0049AEE8 = {
						CreatedOnToolsVersion = 11.3;
					};
				};
			};
			buildConfigurationList = 342C2D5E2416B8EC0049AEE8 /* Build configuration list for PBXProject "WeatherGift" */;
			compatibilityVersion = "Xcode 9.3";
			developmentRegion = en;
			hasScannedForEncodings = 0;
			knownRegions = (
				en,
				Base,
			);
			mainGroup = 342C2D5A2416B8EC0049AEE8;
			productRefGroup = 342C2D642416B8EC0049AEE8 /* Products */;
			projectDirPath = "";
			projectRoot = "";
			targets = (
				342C2D622416B8EC0049AEE8 /* WeatherGift */,
			);
		};
/* End PBXProject section */

/* Begin PBXResourcesBuildPhase section */
		342C2D612416B8EC0049AEE8 /* Resources */ = {
			isa = PBXResourcesBuildPhase;
			buildActionMask = 2147483647;
			files = (
				342C2D732416B8F10049AEE8 /* LaunchScreen.storyboard in Resources */,
				342C2D702416B8F10049AEE8 /* Assets.xcassets in Resources */,
				342C2D6E2416B8EC0049AEE8 /* Main.storyboard in Resources */,
			);
			runOnlyForDeploymentPostprocessing = 0;
		};
/* End PBXResourcesBuildPhase section */

/* Begin PBXShellScriptBuildPhase section */
		7DACCB8AF75A78D4EC7BC5BE /* [CP] Check Pods Manifest.lock */ = {
			isa = PBXShellScriptBuildPhase;
			buildActionMask = 2147483647;
			files = (
			);
			inputFileListPaths = (
			);
			inputPaths = (
				"${PODS_PODFILE_DIR_PATH}/Podfile.lock",
				"${PODS_ROOT}/Manifest.lock",
			);
			name = "[CP] Check Pods Manifest.lock";
			outputFileListPaths = (
			);
			outputPaths = (
				"$(DERIVED_FILE_DIR)/Pods-WeatherGift-checkManifestLockResult.txt",
			);
			runOnlyForDeploymentPostprocessing = 0;
			shellPath = /bin/sh;
			shellScript = "diff \"${PODS_PODFILE_DIR_PATH}/Podfile.lock\" \"${PODS_ROOT}/Manifest.lock\" > /dev/null\nif [ $? != 0 ] ; then\n    # print error to STDERR\n    echo \"error: The sandbox is not in sync with the Podfile.lock. Run 'pod install' or update your CocoaPods installation.\" >&2\n    exit 1\nfi\n# This output is used by Xcode 'outputs' to avoid re-running this script phase.\necho \"SUCCESS\" > \"${SCRIPT_OUTPUT_FILE_0}\"\n";
			showEnvVarsInLog = 0;
		};
		FE7845C51DA09972F8E34CCF /* [CP] Copy Pods Resources */ = {
			isa = PBXShellScriptBuildPhase;
			buildActionMask = 2147483647;
			files = (
			);
			inputFileListPaths = (
				"${PODS_ROOT}/Target Support Files/Pods-WeatherGift/Pods-WeatherGift-resources-${CONFIGURATION}-input-files.xcfilelist",
			);
			name = "[CP] Copy Pods Resources";
			outputFileListPaths = (
				"${PODS_ROOT}/Target Support Files/Pods-WeatherGift/Pods-WeatherGift-resources-${CONFIGURATION}-output-files.xcfilelist",
			);
			runOnlyForDeploymentPostprocessing = 0;
			shellPath = /bin/sh;
			shellScript = "\"${PODS_ROOT}/Target Support Files/Pods-WeatherGift/Pods-WeatherGift-resources.sh\"\n";
			showEnvVarsInLog = 0;
		};
/* End PBXShellScriptBuildPhase section */

/* Begin PBXSourcesBuildPhase section */
		342C2D5F2416B8EC0049AEE8 /* Sources */ = {
			isa = PBXSourcesBuildPhase;
			buildActionMask = 2147483647;
			files = (
				342C2D6B2416B8EC0049AEE8 /* LocationListViewController.swift in Sources */,
				345E3DE724251191004A9ED4 /* Notes.swift in Sources */,
				34D3D69F242FFB4100D1BB44 /* HourlyCollectionViewCell.swift in Sources */,
				349623922449EC6A00C2BB7E /* UIViewController+alert.swift in Sources */,
				34B99AB5242411AA002AC158 /* APIKeys.swift in Sources */,
				342C2D7B2416B9010049AEE8 /* File.swift in Sources */,
				34D3D69D242FB6BF00D1BB44 /* DailyWeatherCell.swift in Sources */,
				342C2D672416B8EC0049AEE8 /* AppDelegate.swift in Sources */,
				34B99AB724241D35002AC158 /* LocationDetailViewController.swift in Sources */,
				345E3DEB24265DF8004A9ED4 /* WeatherDetail.swift in Sources */,
				342C2D692416B8EC0049AEE8 /* SceneDelegate.swift in Sources */,
				349623942449FAFC00C2BB7E /* AboutViewController.swift in Sources */,
				345E3DE924251663004A9ED4 /* PageViewController.swift in Sources */,
			);
			runOnlyForDeploymentPostprocessing = 0;
		};
/* End PBXSourcesBuildPhase section */

/* Begin PBXVariantGroup section */
		342C2D6C2416B8EC0049AEE8 /* Main.storyboard */ = {
			isa = PBXVariantGroup;
			children = (
				342C2D6D2416B8EC0049AEE8 /* Base */,
			);
			name = Main.storyboard;
			sourceTree = "<group>";
		};
		342C2D712416B8F10049AEE8 /* LaunchScreen.storyboard */ = {
			isa = PBXVariantGroup;
			children = (
				342C2D722416B8F10049AEE8 /* Base */,
			);
			name = LaunchScreen.storyboard;
			sourceTree = "<group>";
		};
/* End PBXVariantGroup section */

/* Begin XCBuildConfiguration section */
		342C2D752416B8F10049AEE8 /* Debug */ = {
			isa = XCBuildConfiguration;
			buildSettings = {
				ALWAYS_SEARCH_USER_PATHS = NO;
				CLANG_ANALYZER_NONNULL = YES;
				CLANG_ANALYZER_NUMBER_OBJECT_CONVERSION = YES_AGGRESSIVE;
				CLANG_CXX_LANGUAGE_STANDARD = "gnu++14";
				CLANG_CXX_LIBRARY = "libc++";
				CLANG_ENABLE_MODULES = YES;
				CLANG_ENABLE_OBJC_ARC = YES;
				CLANG_ENABLE_OBJC_WEAK = YES;
				CLANG_WARN_BLOCK_CAPTURE_AUTORELEASING = YES;
				CLANG_WARN_BOOL_CONVERSION = YES;
				CLANG_WARN_COMMA = YES;
				CLANG_WARN_CONSTANT_CONVERSION = YES;
				CLANG_WARN_DEPRECATED_OBJC_IMPLEMENTATIONS = YES;
				CLANG_WARN_DIRECT_OBJC_ISA_USAGE = YES_ERROR;
				CLANG_WARN_DOCUMENTATION_COMMENTS = YES;
				CLANG_WARN_EMPTY_BODY = YES;
				CLANG_WARN_ENUM_CONVERSION = YES;
				CLANG_WARN_INFINITE_RECURSION = YES;
				CLANG_WARN_INT_CONVERSION = YES;
				CLANG_WARN_NON_LITERAL_NULL_CONVERSION = YES;
				CLANG_WARN_OBJC_IMPLICIT_RETAIN_SELF = YES;
				CLANG_WARN_OBJC_LITERAL_CONVERSION = YES;
				CLANG_WARN_OBJC_ROOT_CLASS = YES_ERROR;
				CLANG_WARN_RANGE_LOOP_ANALYSIS = YES;
				CLANG_WARN_STRICT_PROTOTYPES = YES;
				CLANG_WARN_SUSPICIOUS_MOVE = YES;
				CLANG_WARN_UNGUARDED_AVAILABILITY = YES_AGGRESSIVE;
				CLANG_WARN_UNREACHABLE_CODE = YES;
				CLANG_WARN__DUPLICATE_METHOD_MATCH = YES;
				COPY_PHASE_STRIP = NO;
				DEBUG_INFORMATION_FORMAT = dwarf;
				ENABLE_STRICT_OBJC_MSGSEND = YES;
				ENABLE_TESTABILITY = YES;
				GCC_C_LANGUAGE_STANDARD = gnu11;
				GCC_DYNAMIC_NO_PIC = NO;
				GCC_NO_COMMON_BLOCKS = YES;
				GCC_OPTIMIZATION_LEVEL = 0;
				GCC_PREPROCESSOR_DEFINITIONS = (
					"DEBUG=1",
					"$(inherited)",
				);
				GCC_WARN_64_TO_32_BIT_CONVERSION = YES;
				GCC_WARN_ABOUT_RETURN_TYPE = YES_ERROR;
				GCC_WARN_UNDECLARED_SELECTOR = YES;
				GCC_WARN_UNINITIALIZED_AUTOS = YES_AGGRESSIVE;
				GCC_WARN_UNUSED_FUNCTION = YES;
				GCC_WARN_UNUSED_VARIABLE = YES;
				IPHONEOS_DEPLOYMENT_TARGET = 13.2;
				MTL_ENABLE_DEBUG_INFO = INCLUDE_SOURCE;
				MTL_FAST_MATH = YES;
				ONLY_ACTIVE_ARCH = YES;
				SDKROOT = iphoneos;
				SWIFT_ACTIVE_COMPILATION_CONDITIONS = DEBUG;
				SWIFT_OPTIMIZATION_LEVEL = "-Onone";
			};
			name = Debug;
		};
		342C2D762416B8F10049AEE8 /* Release */ = {
			isa = XCBuildConfiguration;
			buildSettings = {
				ALWAYS_SEARCH_USER_PATHS = NO;
				CLANG_ANALYZER_NONNULL = YES;
				CLANG_ANALYZER_NUMBER_OBJECT_CONVERSION = YES_AGGRESSIVE;
				CLANG_CXX_LANGUAGE_STANDARD = "gnu++14";
				CLANG_CXX_LIBRARY = "libc++";
				CLANG_ENABLE_MODULES = YES;
				CLANG_ENABLE_OBJC_ARC = YES;
				CLANG_ENABLE_OBJC_WEAK = YES;
				CLANG_WARN_BLOCK_CAPTURE_AUTORELEASING = YES;
				CLANG_WARN_BOOL_CONVERSION = YES;
				CLANG_WARN_COMMA = YES;
				CLANG_WARN_CONSTANT_CONVERSION = YES;
				CLANG_WARN_DEPRECATED_OBJC_IMPLEMENTATIONS = YES;
				CLANG_WARN_DIRECT_OBJC_ISA_USAGE = YES_ERROR;
				CLANG_WARN_DOCUMENTATION_COMMENTS = YES;
				CLANG_WARN_EMPTY_BODY = YES;
				CLANG_WARN_ENUM_CONVERSION = YES;
				CLANG_WARN_INFINITE_RECURSION = YES;
				CLANG_WARN_INT_CONVERSION = YES;
				CLANG_WARN_NON_LITERAL_NULL_CONVERSION = YES;
				CLANG_WARN_OBJC_IMPLICIT_RETAIN_SELF = YES;
				CLANG_WARN_OBJC_LITERAL_CONVERSION = YES;
				CLANG_WARN_OBJC_ROOT_CLASS = YES_ERROR;
				CLANG_WARN_RANGE_LOOP_ANALYSIS = YES;
				CLANG_WARN_STRICT_PROTOTYPES = YES;
				CLANG_WARN_SUSPICIOUS_MOVE = YES;
				CLANG_WARN_UNGUARDED_AVAILABILITY = YES_AGGRESSIVE;
				CLANG_WARN_UNREACHABLE_CODE = YES;
				CLANG_WARN__DUPLICATE_METHOD_MATCH = YES;
				COPY_PHASE_STRIP = NO;
				DEBUG_INFORMATION_FORMAT = "dwarf-with-dsym";
				ENABLE_NS_ASSERTIONS = NO;
				ENABLE_STRICT_OBJC_MSGSEND = YES;
				GCC_C_LANGUAGE_STANDARD = gnu11;
				GCC_NO_COMMON_BLOCKS = YES;
				GCC_WARN_64_TO_32_BIT_CONVERSION = YES;
				GCC_WARN_ABOUT_RETURN_TYPE = YES_ERROR;
				GCC_WARN_UNDECLARED_SELECTOR = YES;
				GCC_WARN_UNINITIALIZED_AUTOS = YES_AGGRESSIVE;
				GCC_WARN_UNUSED_FUNCTION = YES;
				GCC_WARN_UNUSED_VARIABLE = YES;
				IPHONEOS_DEPLOYMENT_TARGET = 13.2;
				MTL_ENABLE_DEBUG_INFO = NO;
				MTL_FAST_MATH = YES;
				SDKROOT = iphoneos;
				SWIFT_COMPILATION_MODE = wholemodule;
				SWIFT_OPTIMIZATION_LEVEL = "-O";
				VALIDATE_PRODUCT = YES;
			};
			name = Release;
		};
		342C2D782416B8F10049AEE8 /* Debug */ = {
			isa = XCBuildConfiguration;
			baseConfigurationReference = B40EA5C911C15F73FC69D03A /* Pods-WeatherGift.debug.xcconfig */;
			buildSettings = {
				ASSETCATALOG_COMPILER_APPICON_NAME = AppIcon;
				CODE_SIGN_STYLE = Automatic;
				DEVELOPMENT_TEAM = A258K34BAW;
				INFOPLIST_FILE = WeatherGift/Info.plist;
				LD_RUNPATH_SEARCH_PATHS = (
					"$(inherited)",
					"@executable_path/Frameworks",
				);
				PRODUCT_BUNDLE_IDENTIFIER = schmitck.WeatherGift;
				PRODUCT_NAME = "$(TARGET_NAME)";
				SWIFT_VERSION = 5.0;
				TARGETED_DEVICE_FAMILY = "1,2";
			};
			name = Debug;
		};
		342C2D792416B8F10049AEE8 /* Release */ = {
			isa = XCBuildConfiguration;
			baseConfigurationReference = 1AD79DBA530D59B837E8F6BE /* Pods-WeatherGift.release.xcconfig */;
			buildSettings = {
				ASSETCATALOG_COMPILER_APPICON_NAME = AppIcon;
				CODE_SIGN_STYLE = Automatic;
				DEVELOPMENT_TEAM = A258K34BAW;
				INFOPLIST_FILE = WeatherGift/Info.plist;
				LD_RUNPATH_SEARCH_PATHS = (
					"$(inherited)",
					"@executable_path/Frameworks",
				);
				PRODUCT_BUNDLE_IDENTIFIER = schmitck.WeatherGift;
				PRODUCT_NAME = "$(TARGET_NAME)";
				SWIFT_VERSION = 5.0;
				TARGETED_DEVICE_FAMILY = "1,2";
			};
			name = Release;
		};
/* End XCBuildConfiguration section */

/* Begin XCConfigurationList section */
		342C2D5E2416B8EC0049AEE8 /* Build configuration list for PBXProject "WeatherGift" */ = {
			isa = XCConfigurationList;
			buildConfigurations = (
				342C2D752416B8F10049AEE8 /* Debug */,
				342C2D762416B8F10049AEE8 /* Release */,
			);
			defaultConfigurationIsVisible = 0;
			defaultConfigurationName = Release;
		};
		342C2D772416B8F10049AEE8 /* Build configuration list for PBXNativeTarget "WeatherGift" */ = {
			isa = XCConfigurationList;
			buildConfigurations = (
				342C2D782416B8F10049AEE8 /* Debug */,
				342C2D792416B8F10049AEE8 /* Release */,
			);
			defaultConfigurationIsVisible = 0;
			defaultConfigurationName = Release;
		};
/* End XCConfigurationList section */
	};
	rootObject = 342C2D5B2416B8EC0049AEE8 /* Project object */;
}
